// !$*UTF8*$!
{
	archiveVersion = 1;
	classes = {
	};
	objectVersion = 50;
	objects = {

/* Begin PBXBuildFile section */
		3E09565A22E6708D00C5E71F /* AccessDenied.wav in Resources */ = {isa = PBXBuildFile; fileRef = 3E09565822E6708D00C5E71F /* AccessDenied.wav */; };
		3E09565B22E6708D00C5E71F /* AccessGranted.wav in Resources */ = {isa = PBXBuildFile; fileRef = 3E09565922E6708D00C5E71F /* AccessGranted.wav */; };
		3E09565D22E670E100C5E71F /* AmusementAreas.swift in Sources */ = {isa = PBXBuildFile; fileRef = 3E09565C22E670E100C5E71F /* AmusementAreas.swift */; };
		3E09566322E675FB00C5E71F /* Entrant.swift in Sources */ = {isa = PBXBuildFile; fileRef = 3E09566222E675FB00C5E71F /* Entrant.swift */; };
		3E09566522E698CA00C5E71F /* RideAccess.swift in Sources */ = {isa = PBXBuildFile; fileRef = 3E09566422E698CA00C5E71F /* RideAccess.swift */; };
		3E09566722E6993800C5E71F /* Discounts.swift in Sources */ = {isa = PBXBuildFile; fileRef = 3E09566622E6993800C5E71F /* Discounts.swift */; };
		3E09566922E7EA2200C5E71F /* SwipeProtocol.swift in Sources */ = {isa = PBXBuildFile; fileRef = 3E09566822E7EA2200C5E71F /* SwipeProtocol.swift */; };
		3E09566B22E7EB2600C5E71F /* EntrantPass.swift in Sources */ = {isa = PBXBuildFile; fileRef = 3E09566A22E7EB2600C5E71F /* EntrantPass.swift */; };
		3E09566D22E7F4D800C5E71F /* EntrantError.swift in Sources */ = {isa = PBXBuildFile; fileRef = 3E09566C22E7F4D800C5E71F /* EntrantError.swift */; };
		3E6316AC22E66DFA00079766 /* AppDelegate.swift in Sources */ = {isa = PBXBuildFile; fileRef = 3E6316AB22E66DFA00079766 /* AppDelegate.swift */; };
		3E6316AE22E66DFA00079766 /* ViewController.swift in Sources */ = {isa = PBXBuildFile; fileRef = 3E6316AD22E66DFA00079766 /* ViewController.swift */; };
		3E6316B122E66DFA00079766 /* Main.storyboard in Resources */ = {isa = PBXBuildFile; fileRef = 3E6316AF22E66DFA00079766 /* Main.storyboard */; };
		3E6316B322E66DFC00079766 /* Assets.xcassets in Resources */ = {isa = PBXBuildFile; fileRef = 3E6316B222E66DFC00079766 /* Assets.xcassets */; };
		3E6316B622E66DFC00079766 /* LaunchScreen.storyboard in Resources */ = {isa = PBXBuildFile; fileRef = 3E6316B422E66DFC00079766 /* LaunchScreen.storyboard */; };
/* End PBXBuildFile section */

/* Begin PBXFileReference section */
		3E09565822E6708D00C5E71F /* AccessDenied.wav */ = {isa = PBXFileReference; lastKnownFileType = audio.wav; path = AccessDenied.wav; sourceTree = "<group>"; };
		3E09565922E6708D00C5E71F /* AccessGranted.wav */ = {isa = PBXFileReference; lastKnownFileType = audio.wav; path = AccessGranted.wav; sourceTree = "<group>"; };
		3E09565C22E670E100C5E71F /* AmusementAreas.swift */ = {isa = PBXFileReference; lastKnownFileType = sourcecode.swift; path = AmusementAreas.swift; sourceTree = "<group>"; };
		3E09566222E675FB00C5E71F /* Entrant.swift */ = {isa = PBXFileReference; lastKnownFileType = sourcecode.swift; path = Entrant.swift; sourceTree = "<group>"; };
		3E09566422E698CA00C5E71F /* RideAccess.swift */ = {isa = PBXFileReference; lastKnownFileType = sourcecode.swift; path = RideAccess.swift; sourceTree = "<group>"; };
		3E09566622E6993800C5E71F /* Discounts.swift */ = {isa = PBXFileReference; lastKnownFileType = sourcecode.swift; path = Discounts.swift; sourceTree = "<group>"; };
		3E09566822E7EA2200C5E71F /* SwipeProtocol.swift */ = {isa = PBXFileReference; lastKnownFileType = sourcecode.swift; path = SwipeProtocol.swift; sourceTree = "<group>"; };
		3E09566A22E7EB2600C5E71F /* EntrantPass.swift */ = {isa = PBXFileReference; lastKnownFileType = sourcecode.swift; path = EntrantPass.swift; sourceTree = "<group>"; };
		3E09566C22E7F4D800C5E71F /* EntrantError.swift */ = {isa = PBXFileReference; lastKnownFileType = sourcecode.swift; path = EntrantError.swift; sourceTree = "<group>"; };
		3E6316A822E66DFA00079766 /* AmusementPark.app */ = {isa = PBXFileReference; explicitFileType = wrapper.application; includeInIndex = 0; path = AmusementPark.app; sourceTree = BUILT_PRODUCTS_DIR; };
		3E6316AB22E66DFA00079766 /* AppDelegate.swift */ = {isa = PBXFileReference; lastKnownFileType = sourcecode.swift; path = AppDelegate.swift; sourceTree = "<group>"; };
		3E6316AD22E66DFA00079766 /* ViewController.swift */ = {isa = PBXFileReference; lastKnownFileType = sourcecode.swift; path = ViewController.swift; sourceTree = "<group>"; };
		3E6316B022E66DFA00079766 /* Base */ = {isa = PBXFileReference; lastKnownFileType = file.storyboard; name = Base; path = Base.lproj/Main.storyboard; sourceTree = "<group>"; };
		3E6316B222E66DFC00079766 /* Assets.xcassets */ = {isa = PBXFileReference; lastKnownFileType = folder.assetcatalog; path = Assets.xcassets; sourceTree = "<group>"; };
		3E6316B522E66DFC00079766 /* Base */ = {isa = PBXFileReference; lastKnownFileType = file.storyboard; name = Base; path = Base.lproj/LaunchScreen.storyboard; sourceTree = "<group>"; };
		3E6316B722E66DFC00079766 /* Info.plist */ = {isa = PBXFileReference; lastKnownFileType = text.plist.xml; path = Info.plist; sourceTree = "<group>"; };
/* End PBXFileReference section */

/* Begin PBXFrameworksBuildPhase section */
		3E6316A522E66DFA00079766 /* Frameworks */ = {
			isa = PBXFrameworksBuildPhase;
			buildActionMask = 2147483647;
			files = (
			);
			runOnlyForDeploymentPostprocessing = 0;
		};
/* End PBXFrameworksBuildPhase section */

/* Begin PBXGroup section */
		3E09565722E6706700C5E71F /* Resources */ = {
			isa = PBXGroup;
			children = (
				3E09565822E6708D00C5E71F /* AccessDenied.wav */,
				3E09565922E6708D00C5E71F /* AccessGranted.wav */,
			);
			path = Resources;
			sourceTree = "<group>";
		};
		3E63169F22E66DFA00079766 = {
			isa = PBXGroup;
			children = (
				3E6316AA22E66DFA00079766 /* AmusementPark */,
				3E6316A922E66DFA00079766 /* Products */,
			);
			sourceTree = "<group>";
		};
		3E6316A922E66DFA00079766 /* Products */ = {
			isa = PBXGroup;
			children = (
				3E6316A822E66DFA00079766 /* AmusementPark.app */,
			);
			name = Products;
			sourceTree = "<group>";
		};
		3E6316AA22E66DFA00079766 /* AmusementPark */ = {
			isa = PBXGroup;
			children = (
				3E09565722E6706700C5E71F /* Resources */,
				3E6316AB22E66DFA00079766 /* AppDelegate.swift */,
				3E6316AD22E66DFA00079766 /* ViewController.swift */,
				3E6316AF22E66DFA00079766 /* Main.storyboard */,
				3E6316B222E66DFC00079766 /* Assets.xcassets */,
				3E6316B422E66DFC00079766 /* LaunchScreen.storyboard */,
				3E6316B722E66DFC00079766 /* Info.plist */,
				3E09565C22E670E100C5E71F /* AmusementAreas.swift */,
				3E09566222E675FB00C5E71F /* Entrant.swift */,
				3E09566422E698CA00C5E71F /* RideAccess.swift */,
				3E09566622E6993800C5E71F /* Discounts.swift */,
				3E09566822E7EA2200C5E71F /* SwipeProtocol.swift */,
				3E09566A22E7EB2600C5E71F /* EntrantPass.swift */,
				3E09566C22E7F4D800C5E71F /* EntrantError.swift */,
			);
			path = AmusementPark;
			sourceTree = "<group>";
		};
/* End PBXGroup section */

/* Begin PBXNativeTarget section */
		3E6316A722E66DFA00079766 /* AmusementPark */ = {
			isa = PBXNativeTarget;
			buildConfigurationList = 3E6316BA22E66DFC00079766 /* Build configuration list for PBXNativeTarget "AmusementPark" */;
			buildPhases = (
				3E6316A422E66DFA00079766 /* Sources */,
				3E6316A522E66DFA00079766 /* Frameworks */,
				3E6316A622E66DFA00079766 /* Resources */,
			);
			buildRules = (
			);
			dependencies = (
			);
			name = AmusementPark;
			productName = AmusementPark;
			productReference = 3E6316A822E66DFA00079766 /* AmusementPark.app */;
			productType = "com.apple.product-type.application";
		};
/* End PBXNativeTarget section */

/* Begin PBXProject section */
		3E6316A022E66DFA00079766 /* Project object */ = {
			isa = PBXProject;
			attributes = {
				LastSwiftUpdateCheck = 1030;
				LastUpgradeCheck = 1030;
				ORGANIZATIONNAME = "Jason Vest";
				TargetAttributes = {
					3E6316A722E66DFA00079766 = {
						CreatedOnToolsVersion = 10.3;
					};
				};
			};
			buildConfigurationList = 3E6316A322E66DFA00079766 /* Build configuration list for PBXProject "AmusementPark" */;
			compatibilityVersion = "Xcode 9.3";
			developmentRegion = en;
			hasScannedForEncodings = 0;
			knownRegions = (
				en,
				Base,
			);
			mainGroup = 3E63169F22E66DFA00079766;
			productRefGroup = 3E6316A922E66DFA00079766 /* Products */;
			projectDirPath = "";
			projectRoot = "";
			targets = (
				3E6316A722E66DFA00079766 /* AmusementPark */,
			);
		};
/* End PBXProject section */

/* Begin PBXResourcesBuildPhase section */
		3E6316A622E66DFA00079766 /* Resources */ = {
			isa = PBXResourcesBuildPhase;
			buildActionMask = 2147483647;
			files = (
				3E6316B622E66DFC00079766 /* LaunchScreen.storyboard in Resources */,
				3E09565B22E6708D00C5E71F /* AccessGranted.wav in Resources */,
				3E6316B322E66DFC00079766 /* Assets.xcassets in Resources */,
				3E6316B122E66DFA00079766 /* Main.storyboard in Resources */,
				3E09565A22E6708D00C5E71F /* AccessDenied.wav in Resources */,
			);
			runOnlyForDeploymentPostprocessing = 0;
		};
/* End PBXResourcesBuildPhase section */

/* Begin PBXSourcesBuildPhase section */
		3E6316A422E66DFA00079766 /* Sources */ = {
			isa = PBXSourcesBuildPhase;
			buildActionMask = 2147483647;
			files = (
				3E09566722E6993800C5E71F /* Discounts.swift in Sources */,
				3E09566322E675FB00C5E71F /* Entrant.swift in Sources */,
				3E09566522E698CA00C5E71F /* RideAccess.swift in Sources */,
				3E6316AE22E66DFA00079766 /* ViewController.swift in Sources */,
				3E6316AC22E66DFA00079766 /* AppDelegate.swift in Sources */,
				3E09565D22E670E100C5E71F /* AmusementAreas.swift in Sources */,
				3E09566922E7EA2200C5E71F /* SwipeProtocol.swift in Sources */,
				3E09566B22E7EB2600C5E71F /* EntrantPass.swift in Sources */,
				3E09566D22E7F4D800C5E71F /* EntrantError.swift in Sources */,
			);
			runOnlyForDeploymentPostprocessing = 0;
		};
/* End PBXSourcesBuildPhase section */

/* Begin PBXVariantGroup section */
		3E6316AF22E66DFA00079766 /* Main.storyboard */ = {
			isa = PBXVariantGroup;
			children = (
				3E6316B022E66DFA00079766 /* Base */,
			);
			name = Main.storyboard;
			sourceTree = "<group>";
		};
		3E6316B422E66DFC00079766 /* LaunchScreen.storyboard */ = {
			isa = PBXVariantGroup;
			children = (
				3E6316B522E66DFC00079766 /* Base */,
			);
			name = LaunchScreen.storyboard;
			sourceTree = "<group>";
		};
/* End PBXVariantGroup section */

/* Begin XCBuildConfiguration section */
		3E6316B822E66DFC00079766 /* Debug */ = {
			isa = XCBuildConfiguration;
			buildSettings = {
				ALWAYS_SEARCH_USER_PATHS = NO;
				CLANG_ANALYZER_NONNULL = YES;
				CLANG_ANALYZER_NUMBER_OBJECT_CONVERSION = YES_AGGRESSIVE;
				CLANG_CXX_LANGUAGE_STANDARD = "gnu++14";
				CLANG_CXX_LIBRARY = "libc++";
				CLANG_ENABLE_MODULES = YES;
				CLANG_ENABLE_OBJC_ARC = YES;
				CLANG_ENABLE_OBJC_WEAK = YES;
				CLANG_WARN_BLOCK_CAPTURE_AUTORELEASING = YES;
				CLANG_WARN_BOOL_CONVERSION = YES;
				CLANG_WARN_COMMA = YES;
				CLANG_WARN_CONSTANT_CONVERSION = YES;
				CLANG_WARN_DEPRECATED_OBJC_IMPLEMENTATIONS = YES;
				CLANG_WARN_DIRECT_OBJC_ISA_USAGE = YES_ERROR;
				CLANG_WARN_DOCUMENTATION_COMMENTS = YES;
				CLANG_WARN_EMPTY_BODY = YES;
				CLANG_WARN_ENUM_CONVERSION = YES;
				CLANG_WARN_INFINITE_RECURSION = YES;
				CLANG_WARN_INT_CONVERSION = YES;
				CLANG_WARN_NON_LITERAL_NULL_CONVERSION = YES;
				CLANG_WARN_OBJC_IMPLICIT_RETAIN_SELF = YES;
				CLANG_WARN_OBJC_LITERAL_CONVERSION = YES;
				CLANG_WARN_OBJC_ROOT_CLASS = YES_ERROR;
				CLANG_WARN_RANGE_LOOP_ANALYSIS = YES;
				CLANG_WARN_STRICT_PROTOTYPES = YES;
				CLANG_WARN_SUSPICIOUS_MOVE = YES;
				CLANG_WARN_UNGUARDED_AVAILABILITY = YES_AGGRESSIVE;
				CLANG_WARN_UNREACHABLE_CODE = YES;
				CLANG_WARN__DUPLICATE_METHOD_MATCH = YES;
				CODE_SIGN_IDENTITY = "iPhone Developer";
				COPY_PHASE_STRIP = NO;
				DEBUG_INFORMATION_FORMAT = dwarf;
				ENABLE_STRICT_OBJC_MSGSEND = YES;
				ENABLE_TESTABILITY = YES;
				GCC_C_LANGUAGE_STANDARD = gnu11;
				GCC_DYNAMIC_NO_PIC = NO;
				GCC_NO_COMMON_BLOCKS = YES;
				GCC_OPTIMIZATION_LEVEL = 0;
				GCC_PREPROCESSOR_DEFINITIONS = (
					"DEBUG=1",
					"$(inherited)",
				);
				GCC_WARN_64_TO_32_BIT_CONVERSION = YES;
				GCC_WARN_ABOUT_RETURN_TYPE = YES_ERROR;
				GCC_WARN_UNDECLARED_SELECTOR = YES;
				GCC_WARN_UNINITIALIZED_AUTOS = YES_AGGRESSIVE;
				GCC_WARN_UNUSED_FUNCTION = YES;
				GCC_WARN_UNUSED_VARIABLE = YES;
				IPHONEOS_DEPLOYMENT_TARGET = 12.4;
				MTL_ENABLE_DEBUG_INFO = INCLUDE_SOURCE;
				MTL_FAST_MATH = YES;
				ONLY_ACTIVE_ARCH = YES;
				SDKROOT = iphoneos;
				SWIFT_ACTIVE_COMPILATION_CONDITIONS = DEBUG;
				SWIFT_OPTIMIZATION_LEVEL = "-Onone";
			};
			name = Debug;
		};
		3E6316B922E66DFC00079766 /* Release */ = {
			isa = XCBuildConfiguration;
			buildSettings = {
				ALWAYS_SEARCH_USER_PATHS = NO;
				CLANG_ANALYZER_NONNULL = YES;
				CLANG_ANALYZER_NUMBER_OBJECT_CONVERSION = YES_AGGRESSIVE;
				CLANG_CXX_LANGUAGE_STANDARD = "gnu++14";
				CLANG_CXX_LIBRARY = "libc++";
				CLANG_ENABLE_MODULES = YES;
				CLANG_ENABLE_OBJC_ARC = YES;
				CLANG_ENABLE_OBJC_WEAK = YES;
				CLANG_WARN_BLOCK_CAPTURE_AUTORELEASING = YES;
				CLANG_WARN_BOOL_CONVERSION = YES;
				CLANG_WARN_COMMA = YES;
				CLANG_WARN_CONSTANT_CONVERSION = YES;
				CLANG_WARN_DEPRECATED_OBJC_IMPLEMENTATIONS = YES;
				CLANG_WARN_DIRECT_OBJC_ISA_USAGE = YES_ERROR;
				CLANG_WARN_DOCUMENTATION_COMMENTS = YES;
				CLANG_WARN_EMPTY_BODY = YES;
				CLANG_WARN_ENUM_CONVERSION = YES;
				CLANG_WARN_INFINITE_RECURSION = YES;
				CLANG_WARN_INT_CONVERSION = YES;
				CLANG_WARN_NON_LITERAL_NULL_CONVERSION = YES;
				CLANG_WARN_OBJC_IMPLICIT_RETAIN_SELF = YES;
				CLANG_WARN_OBJC_LITERAL_CONVERSION = YES;
				CLANG_WARN_OBJC_ROOT_CLASS = YES_ERROR;
				CLANG_WARN_RANGE_LOOP_ANALYSIS = YES;
				CLANG_WARN_STRICT_PROTOTYPES = YES;
				CLANG_WARN_SUSPICIOUS_MOVE = YES;
				CLANG_WARN_UNGUARDED_AVAILABILITY = YES_AGGRESSIVE;
				CLANG_WARN_UNREACHABLE_CODE = YES;
				CLANG_WARN__DUPLICATE_METHOD_MATCH = YES;
				CODE_SIGN_IDENTITY = "iPhone Developer";
				COPY_PHASE_STRIP = NO;
				DEBUG_INFORMATION_FORMAT = "dwarf-with-dsym";
				ENABLE_NS_ASSERTIONS = NO;
				ENABLE_STRICT_OBJC_MSGSEND = YES;
				GCC_C_LANGUAGE_STANDARD = gnu11;
				GCC_NO_COMMON_BLOCKS = YES;
				GCC_WARN_64_TO_32_BIT_CONVERSION = YES;
				GCC_WARN_ABOUT_RETURN_TYPE = YES_ERROR;
				GCC_WARN_UNDECLARED_SELECTOR = YES;
				GCC_WARN_UNINITIALIZED_AUTOS = YES_AGGRESSIVE;
				GCC_WARN_UNUSED_FUNCTION = YES;
				GCC_WARN_UNUSED_VARIABLE = YES;
				IPHONEOS_DEPLOYMENT_TARGET = 12.4;
				MTL_ENABLE_DEBUG_INFO = NO;
				MTL_FAST_MATH = YES;
				SDKROOT = iphoneos;
				SWIFT_COMPILATION_MODE = wholemodule;
				SWIFT_OPTIMIZATION_LEVEL = "-O";
				VALIDATE_PRODUCT = YES;
			};
			name = Release;
		};
		3E6316BB22E66DFC00079766 /* Debug */ = {
			isa = XCBuildConfiguration;
			buildSettings = {
				ASSETCATALOG_COMPILER_APPICON_NAME = AppIcon;
				CODE_SIGN_STYLE = Automatic;
				DEVELOPMENT_TEAM = TK56L29VNG;
				INFOPLIST_FILE = AmusementPark/Info.plist;
				LD_RUNPATH_SEARCH_PATHS = (
					"$(inherited)",
					"@executable_path/Frameworks",
				);
				PRODUCT_BUNDLE_IDENTIFIER = com.jasonvest.AmusementPark;
				PRODUCT_NAME = "$(TARGET_NAME)";
				SWIFT_VERSION = 5.0;
				TARGETED_DEVICE_FAMILY = "1,2";
			};
			name = Debug;
		};
		3E6316BC22E66DFC00079766 /* Release */ = {
			isa = XCBuildConfiguration;
			buildSettings = {
				ASSETCATALOG_COMPILER_APPICON_NAME = AppIcon;
				CODE_SIGN_STYLE = Automatic;
				DEVELOPMENT_TEAM = TK56L29VNG;
				INFOPLIST_FILE = AmusementPark/Info.plist;
				LD_RUNPATH_SEARCH_PATHS = (
					"$(inherited)",
					"@executable_path/Frameworks",
				);
				PRODUCT_BUNDLE_IDENTIFIER = com.jasonvest.AmusementPark;
				PRODUCT_NAME = "$(TARGET_NAME)";
				SWIFT_VERSION = 5.0;
				TARGETED_DEVICE_FAMILY = "1,2";
			};
			name = Release;
		};
/* End XCBuildConfiguration section */

/* Begin XCConfigurationList section */
		3E6316A322E66DFA00079766 /* Build configuration list for PBXProject "AmusementPark" */ = {
			isa = XCConfigurationList;
			buildConfigurations = (
				3E6316B822E66DFC00079766 /* Debug */,
				3E6316B922E66DFC00079766 /* Release */,
			);
			defaultConfigurationIsVisible = 0;
			defaultConfigurationName = Release;
		};
		3E6316BA22E66DFC00079766 /* Build configuration list for PBXNativeTarget "AmusementPark" */ = {
			isa = XCConfigurationList;
			buildConfigurations = (
				3E6316BB22E66DFC00079766 /* Debug */,
				3E6316BC22E66DFC00079766 /* Release */,
			);
			defaultConfigurationIsVisible = 0;
			defaultConfigurationName = Release;
		};
/* End XCConfigurationList section */
	};
	rootObject = 3E6316A022E66DFA00079766 /* Project object */;
}
